
Microsoft Visual Studio Solution File, Format Version 12.00
# Visual Studio Version 17
VisualStudioVersion = 17.7.34202.233
MinimumVisualStudioVersion = 10.0.40219.1
Project("{FAE04EC0-301F-11D3-BF4B-00C04F79EFBC}") = "Popov_Autoservice", "Popov_Autoservice.csproj", "{36633297-0641-42F9-BADC-B41937015317}"
EndProject
Global
	GlobalSection(SolutionConfigurationPlatforms) = preSolution
		Debug|Any CPU = Debug|Any CPU
		Release|Any CPU = Release|Any CPU
	EndGlobalSection
	GlobalSection(ProjectConfigurationPlatforms) = postSolution
		{36633297-0641-42F9-BADC-B41937015317}.Debug|Any CPU.ActiveCfg = Debug|Any CPU
		{36633297-0641-42F9-BADC-B41937015317}.Debug|Any CPU.Build.0 = Debug|Any CPU
		{36633297-0641-42F9-BADC-B41937015317}.Release|Any CPU.ActiveCfg = Release|Any CPU
		{36633297-0641-42F9-BADC-B41937015317}.Release|Any CPU.Build.0 = Release|Any CPU
	EndGlobalSection
	GlobalSection(SolutionProperties) = preSolution
		HideSolutionNode = FALSE
	EndGlobalSection
	GlobalSection(ExtensibilityGlobals) = postSolution
		SolutionGuid = {A7B96A37-31CB-44EF-B124-6604AF81CE30}
	EndGlobalSection
EndGlobal
